
Microsoft Visual Studio Solution File, Format Version 12.00
# Visual Studio Version 16
VisualStudioVersion = 16.0.30523.141
MinimumVisualStudioVersion = 10.0.40219.1
Project("{FAE04EC0-301F-11D3-BF4B-00C04F79EFBC}") = "Hb.Mars.App", "Hb.Mars.App\Hb.Mars.App.csproj", "{74090929-6D1A-4F77-A9F4-1D6D6B0657B1}"
EndProject
Project("{FAE04EC0-301F-11D3-BF4B-00C04F79EFBC}") = "Hb.Mars.Core", "Hb.Mars.Core\Hb.Mars.Core.csproj", "{DC34102F-CE8C-45C4-A40D-4D50A4FEAFE1}"
EndProject
Global
	GlobalSection(SolutionConfigurationPlatforms) = preSolution
		Debug|Any CPU = Debug|Any CPU
		Release|Any CPU = Release|Any CPU
	EndGlobalSection
	GlobalSection(ProjectConfigurationPlatforms) = postSolution
		{74090929-6D1A-4F77-A9F4-1D6D6B0657B1}.Debug|Any CPU.ActiveCfg = Debug|Any CPU
		{74090929-6D1A-4F77-A9F4-1D6D6B0657B1}.Debug|Any CPU.Build.0 = Debug|Any CPU
		{74090929-6D1A-4F77-A9F4-1D6D6B0657B1}.Release|Any CPU.ActiveCfg = Release|Any CPU
		{74090929-6D1A-4F77-A9F4-1D6D6B0657B1}.Release|Any CPU.Build.0 = Release|Any CPU
		{DC34102F-CE8C-45C4-A40D-4D50A4FEAFE1}.Debug|Any CPU.ActiveCfg = Debug|Any CPU
		{DC34102F-CE8C-45C4-A40D-4D50A4FEAFE1}.Debug|Any CPU.Build.0 = Debug|Any CPU
		{DC34102F-CE8C-45C4-A40D-4D50A4FEAFE1}.Release|Any CPU.ActiveCfg = Release|Any CPU
		{DC34102F-CE8C-45C4-A40D-4D50A4FEAFE1}.Release|Any CPU.Build.0 = Release|Any CPU
	EndGlobalSection
	GlobalSection(SolutionProperties) = preSolution
		HideSolutionNode = FALSE
	EndGlobalSection
	GlobalSection(ExtensibilityGlobals) = postSolution
		SolutionGuid = {7DA5F7C5-B888-4321-8AF4-235A71828B21}
	EndGlobalSection
EndGlobal
